{
  "name": "web-reactive-components",
  "version": "0.1.0",
  "lockfileVersion": 1,
  "requires": true,
  "dependencies": {
    "reactivity": {
      "version": "git+https://github.com/jardaroh/reactivity.git#4993a39a4579c707f6b817a64dcf0ab219f10c59",
      "from": "git+https://github.com/jardaroh/reactivity.git"
    },
    "typescript": {
      "version": "4.0.3",
      "resolved": "https://registry.npmjs.org/typescript/-/typescript-4.0.3.tgz",
      "integrity": "sha512-tEu6DGxGgRJPb/mVPIZ48e69xCn2yRmCgYmDugAVwmJ6o+0u1RI18eO7E7WBTLYLaEVVOhwQmcdhQHweux/WPg==",
      "dev": true
    }
  }
}
